
Microsoft Visual Studio Solution File, Format Version 12.00
# Visual Studio Version 17
VisualStudioVersion = 17.10.35004.147
MinimumVisualStudioVersion = 10.0.40219.1
Project("{9A19103F-16F7-4668-BE54-9A1E7A4F7556}") = "Movies.Api", "Movies.Api\Movies.Api.csproj", "{62D527C6-2CC7-49F7-92DD-7199D8561DD1}"
EndProject
Project("{9A19103F-16F7-4668-BE54-9A1E7A4F7556}") = "Movies.Application", "Movies.Application\Movies.Application.csproj", "{3C568167-0CE4-4214-9662-201A6798ABE2}"
EndProject
Project("{9A19103F-16F7-4668-BE54-9A1E7A4F7556}") = "Movies.Contracts", "Movies.Contracts\Movies.Contracts.csproj", "{2781FAF9-40FF-4B8F-8543-2F3D36FCAD0E}"
EndProject
Project("{9A19103F-16F7-4668-BE54-9A1E7A4F7556}") = "Identity.Api", "Identity.Api\Identity.Api.csproj", "{E615E9CA-4EA5-4BC2-BAA1-C812FA3467A5}"
EndProject
Project("{FAE04EC0-301F-11D3-BF4B-00C04F79EFBC}") = "Movies.Api.Sdk", "Movies.Api.Sdk\Movies.Api.Sdk.csproj", "{AFCB4EB5-2553-426B-A26F-E8DD19A379E5}"
EndProject
Project("{FAE04EC0-301F-11D3-BF4B-00C04F79EFBC}") = "Movies.Api.Sdk.Consumer", "Movies.Api.Sdk.Consumer\Movies.Api.Sdk.Consumer.csproj", "{47458675-26F9-4D79-8E94-4F84CD4EBC3A}"
EndProject
Global
	GlobalSection(SolutionConfigurationPlatforms) = preSolution
		Debug|Any CPU = Debug|Any CPU
		Release|Any CPU = Release|Any CPU
	EndGlobalSection
	GlobalSection(ProjectConfigurationPlatforms) = postSolution
		{62D527C6-2CC7-49F7-92DD-7199D8561DD1}.Debug|Any CPU.ActiveCfg = Debug|Any CPU
		{62D527C6-2CC7-49F7-92DD-7199D8561DD1}.Debug|Any CPU.Build.0 = Debug|Any CPU
		{62D527C6-2CC7-49F7-92DD-7199D8561DD1}.Release|Any CPU.ActiveCfg = Release|Any CPU
		{62D527C6-2CC7-49F7-92DD-7199D8561DD1}.Release|Any CPU.Build.0 = Release|Any CPU
		{3C568167-0CE4-4214-9662-201A6798ABE2}.Debug|Any CPU.ActiveCfg = Debug|Any CPU
		{3C568167-0CE4-4214-9662-201A6798ABE2}.Debug|Any CPU.Build.0 = Debug|Any CPU
		{3C568167-0CE4-4214-9662-201A6798ABE2}.Release|Any CPU.ActiveCfg = Release|Any CPU
		{3C568167-0CE4-4214-9662-201A6798ABE2}.Release|Any CPU.Build.0 = Release|Any CPU
		{2781FAF9-40FF-4B8F-8543-2F3D36FCAD0E}.Debug|Any CPU.ActiveCfg = Debug|Any CPU
		{2781FAF9-40FF-4B8F-8543-2F3D36FCAD0E}.Debug|Any CPU.Build.0 = Debug|Any CPU
		{2781FAF9-40FF-4B8F-8543-2F3D36FCAD0E}.Release|Any CPU.ActiveCfg = Release|Any CPU
		{2781FAF9-40FF-4B8F-8543-2F3D36FCAD0E}.Release|Any CPU.Build.0 = Release|Any CPU
		{E615E9CA-4EA5-4BC2-BAA1-C812FA3467A5}.Debug|Any CPU.ActiveCfg = Debug|Any CPU
		{E615E9CA-4EA5-4BC2-BAA1-C812FA3467A5}.Debug|Any CPU.Build.0 = Debug|Any CPU
		{E615E9CA-4EA5-4BC2-BAA1-C812FA3467A5}.Release|Any CPU.ActiveCfg = Release|Any CPU
		{E615E9CA-4EA5-4BC2-BAA1-C812FA3467A5}.Release|Any CPU.Build.0 = Release|Any CPU
		{AFCB4EB5-2553-426B-A26F-E8DD19A379E5}.Debug|Any CPU.ActiveCfg = Debug|Any CPU
		{AFCB4EB5-2553-426B-A26F-E8DD19A379E5}.Debug|Any CPU.Build.0 = Debug|Any CPU
		{AFCB4EB5-2553-426B-A26F-E8DD19A379E5}.Release|Any CPU.ActiveCfg = Release|Any CPU
		{AFCB4EB5-2553-426B-A26F-E8DD19A379E5}.Release|Any CPU.Build.0 = Release|Any CPU
		{47458675-26F9-4D79-8E94-4F84CD4EBC3A}.Debug|Any CPU.ActiveCfg = Debug|Any CPU
		{47458675-26F9-4D79-8E94-4F84CD4EBC3A}.Debug|Any CPU.Build.0 = Debug|Any CPU
		{47458675-26F9-4D79-8E94-4F84CD4EBC3A}.Release|Any CPU.ActiveCfg = Release|Any CPU
		{47458675-26F9-4D79-8E94-4F84CD4EBC3A}.Release|Any CPU.Build.0 = Release|Any CPU
	EndGlobalSection
	GlobalSection(SolutionProperties) = preSolution
		HideSolutionNode = FALSE
	EndGlobalSection
	GlobalSection(ExtensibilityGlobals) = postSolution
		SolutionGuid = {E784DDD9-3F77-49F0-A9D4-4207A3E4016B}
	EndGlobalSection
EndGlobal
